# GENERATED FILE - DO NOT EDIT DIRECTLY
schema_version: 1

bundle:
  version: "0.1.0-dev"
  release_sequence: 0
  channel: "development"
  source_commit: "97e8bbaa3a0734b156b03bad704503bc46d7575b"
  digest: "sha256:fd66beb15c847e94b68a00083df5f218c22f4e1174d39d4bd10ed7fb321b13bc"

projection:
  input_digest: "sha256:e9b96862bb45b4250a0b499a96e0dd63f91e15917acf22efc0cfdddbef47cab1"
  output_digest: "sha256:fffeece8ac0f7cad738ba7098c7bdbd0cd4a7ab70dd7042b1928b6f69acd451b"
  files:
    - path: ".claude/CLAUDE.md"
      digest: "sha256:82be372c1061c459d438fc052a603b94a7a1941ffbdc93dfb2c589b54f0fc4fc"
    - path: ".gds/compiled-policy.json"
      digest: "sha256:ce3b96bebf34834a8898a9501fc6bc94528da43daf843de29f19ee18b9b0741c"
    - path: "AGENTS.md"
      digest: "sha256:2cafffda38fed9a41277f2bdd1f6fc054a5b0847e8d573d153860896db2741a9"
